// !$*UTF8*$!
{
	archiveVersion = 1;
	classes = {
	};
	objectVersion = 51;
	objects = {

/* Begin PBXBuildFile section */
		0D510523BD865D9AB5784091 /* Pods_Test_5_11Tests.framework in Frameworks */ = {isa = PBXBuildFile; fileRef = B41B99D39727287CF677742B /* Pods_Test_5_11Tests.framework */; };
		62CF1DC444EE99BD911B6AED /* Pods_Test_5_11.framework in Frameworks */ = {isa = PBXBuildFile; fileRef = 81D3ABC51150D030F8A63028 /* Pods_Test_5_11.framework */; };
		868A86E2231FB2770086E326 /* AppDelegate.swift in Sources */ = {isa = PBXBuildFile; fileRef = 868A86E1231FB2770086E326 /* AppDelegate.swift */; };
		868A86E4231FB2770086E326 /* ViewController.swift in Sources */ = {isa = PBXBuildFile; fileRef = 868A86E3231FB2770086E326 /* ViewController.swift */; };
		868A86E7231FB2770086E326 /* Main.storyboard in Resources */ = {isa = PBXBuildFile; fileRef = 868A86E5231FB2770086E326 /* Main.storyboard */; };
		868A86E9231FB2780086E326 /* Assets.xcassets in Resources */ = {isa = PBXBuildFile; fileRef = 868A86E8231FB2780086E326 /* Assets.xcassets */; };
		868A86EC231FB2780086E326 /* LaunchScreen.storyboard in Resources */ = {isa = PBXBuildFile; fileRef = 868A86EA231FB2780086E326 /* LaunchScreen.storyboard */; };
		868A86F7231FB2780086E326 /* Test_5_11Tests.swift in Sources */ = {isa = PBXBuildFile; fileRef = 868A86F6231FB2780086E326 /* Test_5_11Tests.swift */; };
		868A8702231FB2780086E326 /* Test_5_11UITests.swift in Sources */ = {isa = PBXBuildFile; fileRef = 868A8701231FB2780086E326 /* Test_5_11UITests.swift */; };
		868A8711231FB2AB0086E326 /* TopViewController.swift in Sources */ = {isa = PBXBuildFile; fileRef = 868A870F231FB2AB0086E326 /* TopViewController.swift */; };
		868A8712231FB2AB0086E326 /* TopViewController.xib in Resources */ = {isa = PBXBuildFile; fileRef = 868A8710231FB2AB0086E326 /* TopViewController.xib */; };
		868A8715231FB2C60086E326 /* TopMainView.swift in Sources */ = {isa = PBXBuildFile; fileRef = 868A8713231FB2C60086E326 /* TopMainView.swift */; };
		868A8716231FB2C60086E326 /* TopMainView.xib in Resources */ = {isa = PBXBuildFile; fileRef = 868A8714231FB2C60086E326 /* TopMainView.xib */; };
		868A8719231FB3010086E326 /* TopMainTableViewCell.swift in Sources */ = {isa = PBXBuildFile; fileRef = 868A8717231FB3010086E326 /* TopMainTableViewCell.swift */; };
		868A871A231FB3010086E326 /* TopMainTableViewCell.xib in Resources */ = {isa = PBXBuildFile; fileRef = 868A8718231FB3010086E326 /* TopMainTableViewCell.xib */; };
		DD47312A89D517F47B1C1B04 /* Pods_Test_5_11UITests.framework in Frameworks */ = {isa = PBXBuildFile; fileRef = B7384EA5A13DD40EB03DFC5B /* Pods_Test_5_11UITests.framework */; };
/* End PBXBuildFile section */

/* Begin PBXContainerItemProxy section */
		868A86F3231FB2780086E326 /* PBXContainerItemProxy */ = {
			isa = PBXContainerItemProxy;
			containerPortal = 868A86D6231FB2770086E326 /* Project object */;
			proxyType = 1;
			remoteGlobalIDString = 868A86DD231FB2770086E326;
			remoteInfo = "Test-5-11";
		};
		868A86FE231FB2780086E326 /* PBXContainerItemProxy */ = {
			isa = PBXContainerItemProxy;
			containerPortal = 868A86D6231FB2770086E326 /* Project object */;
			proxyType = 1;
			remoteGlobalIDString = 868A86DD231FB2770086E326;
			remoteInfo = "Test-5-11";
		};
/* End PBXContainerItemProxy section */

/* Begin PBXFileReference section */
		390252CDF156D87971F96BA2 /* Pods-Test-5-11.debug.xcconfig */ = {isa = PBXFileReference; includeInIndex = 1; lastKnownFileType = text.xcconfig; name = "Pods-Test-5-11.debug.xcconfig"; path = "Target Support Files/Pods-Test-5-11/Pods-Test-5-11.debug.xcconfig"; sourceTree = "<group>"; };
		55F0745EBBF311CFAD775CAC /* Pods-Test-5-11Tests.release.xcconfig */ = {isa = PBXFileReference; includeInIndex = 1; lastKnownFileType = text.xcconfig; name = "Pods-Test-5-11Tests.release.xcconfig"; path = "Target Support Files/Pods-Test-5-11Tests/Pods-Test-5-11Tests.release.xcconfig"; sourceTree = "<group>"; };
		5D09D8085882DE251B652A38 /* Pods-Test-5-11UITests.release.xcconfig */ = {isa = PBXFileReference; includeInIndex = 1; lastKnownFileType = text.xcconfig; name = "Pods-Test-5-11UITests.release.xcconfig"; path = "Target Support Files/Pods-Test-5-11UITests/Pods-Test-5-11UITests.release.xcconfig"; sourceTree = "<group>"; };
		81D3ABC51150D030F8A63028 /* Pods_Test_5_11.framework */ = {isa = PBXFileReference; explicitFileType = wrapper.framework; includeInIndex = 0; path = Pods_Test_5_11.framework; sourceTree = BUILT_PRODUCTS_DIR; };
		868A86DE231FB2770086E326 /* Test-5-11.app */ = {isa = PBXFileReference; explicitFileType = wrapper.application; includeInIndex = 0; path = "Test-5-11.app"; sourceTree = BUILT_PRODUCTS_DIR; };
		868A86E1231FB2770086E326 /* AppDelegate.swift */ = {isa = PBXFileReference; lastKnownFileType = sourcecode.swift; path = AppDelegate.swift; sourceTree = "<group>"; };
		868A86E3231FB2770086E326 /* ViewController.swift */ = {isa = PBXFileReference; lastKnownFileType = sourcecode.swift; path = ViewController.swift; sourceTree = "<group>"; };
		868A86E6231FB2770086E326 /* Base */ = {isa = PBXFileReference; lastKnownFileType = file.storyboard; name = Base; path = Base.lproj/Main.storyboard; sourceTree = "<group>"; };
		868A86E8231FB2780086E326 /* Assets.xcassets */ = {isa = PBXFileReference; lastKnownFileType = folder.assetcatalog; path = Assets.xcassets; sourceTree = "<group>"; };
		868A86EB231FB2780086E326 /* Base */ = {isa = PBXFileReference; lastKnownFileType = file.storyboard; name = Base; path = Base.lproj/LaunchScreen.storyboard; sourceTree = "<group>"; };
		868A86ED231FB2780086E326 /* Info.plist */ = {isa = PBXFileReference; lastKnownFileType = text.plist.xml; path = Info.plist; sourceTree = "<group>"; };
		868A86F2231FB2780086E326 /* Test-5-11Tests.xctest */ = {isa = PBXFileReference; explicitFileType = wrapper.cfbundle; includeInIndex = 0; path = "Test-5-11Tests.xctest"; sourceTree = BUILT_PRODUCTS_DIR; };
		868A86F6231FB2780086E326 /* Test_5_11Tests.swift */ = {isa = PBXFileReference; lastKnownFileType = sourcecode.swift; path = Test_5_11Tests.swift; sourceTree = "<group>"; };
		868A86F8231FB2780086E326 /* Info.plist */ = {isa = PBXFileReference; lastKnownFileType = text.plist.xml; path = Info.plist; sourceTree = "<group>"; };
		868A86FD231FB2780086E326 /* Test-5-11UITests.xctest */ = {isa = PBXFileReference; explicitFileType = wrapper.cfbundle; includeInIndex = 0; path = "Test-5-11UITests.xctest"; sourceTree = BUILT_PRODUCTS_DIR; };
		868A8701231FB2780086E326 /* Test_5_11UITests.swift */ = {isa = PBXFileReference; lastKnownFileType = sourcecode.swift; path = Test_5_11UITests.swift; sourceTree = "<group>"; };
		868A8703231FB2780086E326 /* Info.plist */ = {isa = PBXFileReference; lastKnownFileType = text.plist.xml; path = Info.plist; sourceTree = "<group>"; };
		868A870F231FB2AB0086E326 /* TopViewController.swift */ = {isa = PBXFileReference; lastKnownFileType = sourcecode.swift; path = TopViewController.swift; sourceTree = "<group>"; };
		868A8710231FB2AB0086E326 /* TopViewController.xib */ = {isa = PBXFileReference; lastKnownFileType = file.xib; path = TopViewController.xib; sourceTree = "<group>"; };
		868A8713231FB2C60086E326 /* TopMainView.swift */ = {isa = PBXFileReference; lastKnownFileType = sourcecode.swift; path = TopMainView.swift; sourceTree = "<group>"; };
		868A8714231FB2C60086E326 /* TopMainView.xib */ = {isa = PBXFileReference; lastKnownFileType = file.xib; path = TopMainView.xib; sourceTree = "<group>"; };
		868A8717231FB3010086E326 /* TopMainTableViewCell.swift */ = {isa = PBXFileReference; lastKnownFileType = sourcecode.swift; path = TopMainTableViewCell.swift; sourceTree = "<group>"; };
		868A8718231FB3010086E326 /* TopMainTableViewCell.xib */ = {isa = PBXFileReference; lastKnownFileType = file.xib; path = TopMainTableViewCell.xib; sourceTree = "<group>"; };
		AD82D1F243F5A86E19A3F57B /* Pods-Test-5-11.release.xcconfig */ = {isa = PBXFileReference; includeInIndex = 1; lastKnownFileType = text.xcconfig; name = "Pods-Test-5-11.release.xcconfig"; path = "Target Support Files/Pods-Test-5-11/Pods-Test-5-11.release.xcconfig"; sourceTree = "<group>"; };
		B41B99D39727287CF677742B /* Pods_Test_5_11Tests.framework */ = {isa = PBXFileReference; explicitFileType = wrapper.framework; includeInIndex = 0; path = Pods_Test_5_11Tests.framework; sourceTree = BUILT_PRODUCTS_DIR; };
		B7384EA5A13DD40EB03DFC5B /* Pods_Test_5_11UITests.framework */ = {isa = PBXFileReference; explicitFileType = wrapper.framework; includeInIndex = 0; path = Pods_Test_5_11UITests.framework; sourceTree = BUILT_PRODUCTS_DIR; };
		DDF61DE97709E41857CBE79E /* Pods-Test-5-11Tests.debug.xcconfig */ = {isa = PBXFileReference; includeInIndex = 1; lastKnownFileType = text.xcconfig; name = "Pods-Test-5-11Tests.debug.xcconfig"; path = "Target Support Files/Pods-Test-5-11Tests/Pods-Test-5-11Tests.debug.xcconfig"; sourceTree = "<group>"; };
		DE414E881B49E38B0A55540B /* Pods-Test-5-11UITests.debug.xcconfig */ = {isa = PBXFileReference; includeInIndex = 1; lastKnownFileType = text.xcconfig; name = "Pods-Test-5-11UITests.debug.xcconfig"; path = "Target Support Files/Pods-Test-5-11UITests/Pods-Test-5-11UITests.debug.xcconfig"; sourceTree = "<group>"; };
/* End PBXFileReference section */

/* Begin PBXFrameworksBuildPhase section */
		868A86DB231FB2770086E326 /* Frameworks */ = {
			isa = PBXFrameworksBuildPhase;
			buildActionMask = 2147483647;
			files = (
				62CF1DC444EE99BD911B6AED /* Pods_Test_5_11.framework in Frameworks */,
			);
			runOnlyForDeploymentPostprocessing = 0;
		};
		868A86EF231FB2780086E326 /* Frameworks */ = {
			isa = PBXFrameworksBuildPhase;
			buildActionMask = 2147483647;
			files = (
				0D510523BD865D9AB5784091 /* Pods_Test_5_11Tests.framework in Frameworks */,
			);
			runOnlyForDeploymentPostprocessing = 0;
		};
		868A86FA231FB2780086E326 /* Frameworks */ = {
			isa = PBXFrameworksBuildPhase;
			buildActionMask = 2147483647;
			files = (
				DD47312A89D517F47B1C1B04 /* Pods_Test_5_11UITests.framework in Frameworks */,
			);
			runOnlyForDeploymentPostprocessing = 0;
		};
/* End PBXFrameworksBuildPhase section */

/* Begin PBXGroup section */
		868A86D5231FB2770086E326 = {
			isa = PBXGroup;
			children = (
				868A86E0231FB2770086E326 /* Test-5-11 */,
				868A86F5231FB2780086E326 /* Test-5-11Tests */,
				868A8700231FB2780086E326 /* Test-5-11UITests */,
				868A86DF231FB2770086E326 /* Products */,
				DA71FE072417E4738B9B7265 /* Pods */,
				939DF63CC541BD2652273404 /* Frameworks */,
			);
			sourceTree = "<group>";
		};
		868A86DF231FB2770086E326 /* Products */ = {
			isa = PBXGroup;
			children = (
				868A86DE231FB2770086E326 /* Test-5-11.app */,
				868A86F2231FB2780086E326 /* Test-5-11Tests.xctest */,
				868A86FD231FB2780086E326 /* Test-5-11UITests.xctest */,
			);
			name = Products;
			sourceTree = "<group>";
		};
		868A86E0231FB2770086E326 /* Test-5-11 */ = {
			isa = PBXGroup;
			children = (
				868A86E1231FB2770086E326 /* AppDelegate.swift */,
				868A86E3231FB2770086E326 /* ViewController.swift */,
				868A86E5231FB2770086E326 /* Main.storyboard */,
				868A86E8231FB2780086E326 /* Assets.xcassets */,
				868A86EA231FB2780086E326 /* LaunchScreen.storyboard */,
				868A86ED231FB2780086E326 /* Info.plist */,
				868A870F231FB2AB0086E326 /* TopViewController.swift */,
				868A8710231FB2AB0086E326 /* TopViewController.xib */,
				868A8713231FB2C60086E326 /* TopMainView.swift */,
				868A8714231FB2C60086E326 /* TopMainView.xib */,
				868A8717231FB3010086E326 /* TopMainTableViewCell.swift */,
				868A8718231FB3010086E326 /* TopMainTableViewCell.xib */,
			);
			path = "Test-5-11";
			sourceTree = "<group>";
		};
		868A86F5231FB2780086E326 /* Test-5-11Tests */ = {
			isa = PBXGroup;
			children = (
				868A86F6231FB2780086E326 /* Test_5_11Tests.swift */,
				868A86F8231FB2780086E326 /* Info.plist */,
			);
			path = "Test-5-11Tests";
			sourceTree = "<group>";
		};
		868A8700231FB2780086E326 /* Test-5-11UITests */ = {
			isa = PBXGroup;
			children = (
				868A8701231FB2780086E326 /* Test_5_11UITests.swift */,
				868A8703231FB2780086E326 /* Info.plist */,
			);
			path = "Test-5-11UITests";
			sourceTree = "<group>";
		};
		939DF63CC541BD2652273404 /* Frameworks */ = {
			isa = PBXGroup;
			children = (
				81D3ABC51150D030F8A63028 /* Pods_Test_5_11.framework */,
				B41B99D39727287CF677742B /* Pods_Test_5_11Tests.framework */,
				B7384EA5A13DD40EB03DFC5B /* Pods_Test_5_11UITests.framework */,
			);
			name = Frameworks;
			sourceTree = "<group>";
		};
		DA71FE072417E4738B9B7265 /* Pods */ = {
			isa = PBXGroup;
			children = (
				390252CDF156D87971F96BA2 /* Pods-Test-5-11.debug.xcconfig */,
				AD82D1F243F5A86E19A3F57B /* Pods-Test-5-11.release.xcconfig */,
				DDF61DE97709E41857CBE79E /* Pods-Test-5-11Tests.debug.xcconfig */,
				55F0745EBBF311CFAD775CAC /* Pods-Test-5-11Tests.release.xcconfig */,
				DE414E881B49E38B0A55540B /* Pods-Test-5-11UITests.debug.xcconfig */,
				5D09D8085882DE251B652A38 /* Pods-Test-5-11UITests.release.xcconfig */,
			);
			path = Pods;
			sourceTree = "<group>";
		};
/* End PBXGroup section */

/* Begin PBXNativeTarget section */
		868A86DD231FB2770086E326 /* Test-5-11 */ = {
			isa = PBXNativeTarget;
			buildConfigurationList = 868A8706231FB2780086E326 /* Build configuration list for PBXNativeTarget "Test-5-11" */;
			buildPhases = (
				30B4C6D20D1411CEFE30229F /* [CP] Check Pods Manifest.lock */,
				868A86DA231FB2770086E326 /* Sources */,
				868A86DB231FB2770086E326 /* Frameworks */,
				868A86DC231FB2770086E326 /* Resources */,
				E2EF66D3040D65A267BAFFCA /* [CP] Embed Pods Frameworks */,
			);
			buildRules = (
			);
			dependencies = (
			);
			name = "Test-5-11";
			productName = "Test-5-11";
			productReference = 868A86DE231FB2770086E326 /* Test-5-11.app */;
			productType = "com.apple.product-type.application";
		};
		868A86F1231FB2780086E326 /* Test-5-11Tests */ = {
			isa = PBXNativeTarget;
			buildConfigurationList = 868A8709231FB2780086E326 /* Build configuration list for PBXNativeTarget "Test-5-11Tests" */;
			buildPhases = (
				379EEEF60DF669F7D88934AC /* [CP] Check Pods Manifest.lock */,
				868A86EE231FB2780086E326 /* Sources */,
				868A86EF231FB2780086E326 /* Frameworks */,
				868A86F0231FB2780086E326 /* Resources */,
			);
			buildRules = (
			);
			dependencies = (
				868A86F4231FB2780086E326 /* PBXTargetDependency */,
			);
			name = "Test-5-11Tests";
			productName = "Test-5-11Tests";
			productReference = 868A86F2231FB2780086E326 /* Test-5-11Tests.xctest */;
			productType = "com.apple.product-type.bundle.unit-test";
		};
		868A86FC231FB2780086E326 /* Test-5-11UITests */ = {
			isa = PBXNativeTarget;
			buildConfigurationList = 868A870C231FB2780086E326 /* Build configuration list for PBXNativeTarget "Test-5-11UITests" */;
			buildPhases = (
				CF51DF2F8F6E8354AFCE59BF /* [CP] Check Pods Manifest.lock */,
				868A86F9231FB2780086E326 /* Sources */,
				868A86FA231FB2780086E326 /* Frameworks */,
				868A86FB231FB2780086E326 /* Resources */,
			);
			buildRules = (
			);
			dependencies = (
				868A86FF231FB2780086E326 /* PBXTargetDependency */,
			);
			name = "Test-5-11UITests";
			productName = "Test-5-11UITests";
			productReference = 868A86FD231FB2780086E326 /* Test-5-11UITests.xctest */;
			productType = "com.apple.product-type.bundle.ui-testing";
		};
/* End PBXNativeTarget section */

/* Begin PBXProject section */
		868A86D6231FB2770086E326 /* Project object */ = {
			isa = PBXProject;
			attributes = {
				LastSwiftUpdateCheck = 1030;
				LastUpgradeCheck = 1030;
				ORGANIZATIONNAME = "多可楽";
				TargetAttributes = {
					868A86DD231FB2770086E326 = {
						CreatedOnToolsVersion = 10.3;
					};
					868A86F1231FB2780086E326 = {
						CreatedOnToolsVersion = 10.3;
						TestTargetID = 868A86DD231FB2770086E326;
					};
					868A86FC231FB2780086E326 = {
						CreatedOnToolsVersion = 10.3;
						TestTargetID = 868A86DD231FB2770086E326;
					};
				};
			};
			buildConfigurationList = 868A86D9231FB2770086E326 /* Build configuration list for PBXProject "Test-5-11" */;
			compatibilityVersion = "Xcode 9.3";
			developmentRegion = en;
			hasScannedForEncodings = 0;
			knownRegions = (
				en,
				Base,
			);
			mainGroup = 868A86D5231FB2770086E326;
			productRefGroup = 868A86DF231FB2770086E326 /* Products */;
			projectDirPath = "";
			projectRoot = "";
			targets = (
				868A86DD231FB2770086E326 /* Test-5-11 */,
				868A86F1231FB2780086E326 /* Test-5-11Tests */,
				868A86FC231FB2780086E326 /* Test-5-11UITests */,
			);
		};
/* End PBXProject section */

/* Begin PBXResourcesBuildPhase section */
		868A86DC231FB2770086E326 /* Resources */ = {
			isa = PBXResourcesBuildPhase;
			buildActionMask = 2147483647;
			files = (
				868A8716231FB2C60086E326 /* TopMainView.xib in Resources */,
				868A8712231FB2AB0086E326 /* TopViewController.xib in Resources */,
				868A86EC231FB2780086E326 /* LaunchScreen.storyboard in Resources */,
				868A86E9231FB2780086E326 /* Assets.xcassets in Resources */,
				868A871A231FB3010086E326 /* TopMainTableViewCell.xib in Resources */,
				868A86E7231FB2770086E326 /* Main.storyboard in Resources */,
			);
			runOnlyForDeploymentPostprocessing = 0;
		};
		868A86F0231FB2780086E326 /* Resources */ = {
			isa = PBXResourcesBuildPhase;
			buildActionMask = 2147483647;
			files = (
			);
			runOnlyForDeploymentPostprocessing = 0;
		};
		868A86FB231FB2780086E326 /* Resources */ = {
			isa = PBXResourcesBuildPhase;
			buildActionMask = 2147483647;
			files = (
			);
			runOnlyForDeploymentPostprocessing = 0;
		};
/* End PBXResourcesBuildPhase section */

/* Begin PBXShellScriptBuildPhase section */
		30B4C6D20D1411CEFE30229F /* [CP] Check Pods Manifest.lock */ = {
			isa = PBXShellScriptBuildPhase;
			buildActionMask = 2147483647;
			files = (
			);
			inputFileListPaths = (
			);
			inputPaths = (
				"${PODS_PODFILE_DIR_PATH}/Podfile.lock",
				"${PODS_ROOT}/Manifest.lock",
			);
			name = "[CP] Check Pods Manifest.lock";
			outputFileListPaths = (
			);
			outputPaths = (
				"$(DERIVED_FILE_DIR)/Pods-Test-5-11-checkManifestLockResult.txt",
			);
			runOnlyForDeploymentPostprocessing = 0;
			shellPath = /bin/sh;
			shellScript = "diff \"${PODS_PODFILE_DIR_PATH}/Podfile.lock\" \"${PODS_ROOT}/Manifest.lock\" > /dev/null\nif [ $? != 0 ] ; then\n    # print error to STDERR\n    echo \"error: The sandbox is not in sync with the Podfile.lock. Run 'pod install' or update your CocoaPods installation.\" >&2\n    exit 1\nfi\n# This output is used by Xcode 'outputs' to avoid re-running this script phase.\necho \"SUCCESS\" > \"${SCRIPT_OUTPUT_FILE_0}\"\n";
			showEnvVarsInLog = 0;
		};
		379EEEF60DF669F7D88934AC /* [CP] Check Pods Manifest.lock */ = {
			isa = PBXShellScriptBuildPhase;
			buildActionMask = 2147483647;
			files = (
			);
			inputFileListPaths = (
			);
			inputPaths = (
				"${PODS_PODFILE_DIR_PATH}/Podfile.lock",
				"${PODS_ROOT}/Manifest.lock",
			);
			name = "[CP] Check Pods Manifest.lock";
			outputFileListPaths = (
			);
			outputPaths = (
				"$(DERIVED_FILE_DIR)/Pods-Test-5-11Tests-checkManifestLockResult.txt",
			);
			runOnlyForDeploymentPostprocessing = 0;
			shellPath = /bin/sh;
			shellScript = "diff \"${PODS_PODFILE_DIR_PATH}/Podfile.lock\" \"${PODS_ROOT}/Manifest.lock\" > /dev/null\nif [ $? != 0 ] ; then\n    # print error to STDERR\n    echo \"error: The sandbox is not in sync with the Podfile.lock. Run 'pod install' or update your CocoaPods installation.\" >&2\n    exit 1\nfi\n# This output is used by Xcode 'outputs' to avoid re-running this script phase.\necho \"SUCCESS\" > \"${SCRIPT_OUTPUT_FILE_0}\"\n";
			showEnvVarsInLog = 0;
		};
		CF51DF2F8F6E8354AFCE59BF /* [CP] Check Pods Manifest.lock */ = {
			isa = PBXShellScriptBuildPhase;
			buildActionMask = 2147483647;
			files = (
			);
			inputFileListPaths = (
			);
			inputPaths = (
				"${PODS_PODFILE_DIR_PATH}/Podfile.lock",
				"${PODS_ROOT}/Manifest.lock",
			);
			name = "[CP] Check Pods Manifest.lock";
			outputFileListPaths = (
			);
			outputPaths = (
				"$(DERIVED_FILE_DIR)/Pods-Test-5-11UITests-checkManifestLockResult.txt",
			);
			runOnlyForDeploymentPostprocessing = 0;
			shellPath = /bin/sh;
			shellScript = "diff \"${PODS_PODFILE_DIR_PATH}/Podfile.lock\" \"${PODS_ROOT}/Manifest.lock\" > /dev/null\nif [ $? != 0 ] ; then\n    # print error to STDERR\n    echo \"error: The sandbox is not in sync with the Podfile.lock. Run 'pod install' or update your CocoaPods installation.\" >&2\n    exit 1\nfi\n# This output is used by Xcode 'outputs' to avoid re-running this script phase.\necho \"SUCCESS\" > \"${SCRIPT_OUTPUT_FILE_0}\"\n";
			showEnvVarsInLog = 0;
		};
		E2EF66D3040D65A267BAFFCA /* [CP] Embed Pods Frameworks */ = {
			isa = PBXShellScriptBuildPhase;
			buildActionMask = 2147483647;
			files = (
			);
			inputFileListPaths = (
				"${PODS_ROOT}/Target Support Files/Pods-Test-5-11/Pods-Test-5-11-frameworks-${CONFIGURATION}-input-files.xcfilelist",
			);
			name = "[CP] Embed Pods Frameworks";
			outputFileListPaths = (
				"${PODS_ROOT}/Target Support Files/Pods-Test-5-11/Pods-Test-5-11-frameworks-${CONFIGURATION}-output-files.xcfilelist",
			);
			runOnlyForDeploymentPostprocessing = 0;
			shellPath = /bin/sh;
			shellScript = "\"${PODS_ROOT}/Target Support Files/Pods-Test-5-11/Pods-Test-5-11-frameworks.sh\"\n";
			showEnvVarsInLog = 0;
		};
/* End PBXShellScriptBuildPhase section */

/* Begin PBXSourcesBuildPhase section */
		868A86DA231FB2770086E326 /* Sources */ = {
			isa = PBXSourcesBuildPhase;
			buildActionMask = 2147483647;
			files = (
				868A8719231FB3010086E326 /* TopMainTableViewCell.swift in Sources */,
				868A8711231FB2AB0086E326 /* TopViewController.swift in Sources */,
				868A86E4231FB2770086E326 /* ViewController.swift in Sources */,
				868A86E2231FB2770086E326 /* AppDelegate.swift in Sources */,
				868A8715231FB2C60086E326 /* TopMainView.swift in Sources */,
			);
			runOnlyForDeploymentPostprocessing = 0;
		};
		868A86EE231FB2780086E326 /* Sources */ = {
			isa = PBXSourcesBuildPhase;
			buildActionMask = 2147483647;
			files = (
				868A86F7231FB2780086E326 /* Test_5_11Tests.swift in Sources */,
			);
			runOnlyForDeploymentPostprocessing = 0;
		};
		868A86F9231FB2780086E326 /* Sources */ = {
			isa = PBXSourcesBuildPhase;
			buildActionMask = 2147483647;
			files = (
				868A8702231FB2780086E326 /* Test_5_11UITests.swift in Sources */,
			);
			runOnlyForDeploymentPostprocessing = 0;
		};
/* End PBXSourcesBuildPhase section */

/* Begin PBXTargetDependency section */
		868A86F4231FB2780086E326 /* PBXTargetDependency */ = {
			isa = PBXTargetDependency;
			target = 868A86DD231FB2770086E326 /* Test-5-11 */;
			targetProxy = 868A86F3231FB2780086E326 /* PBXContainerItemProxy */;
		};
		868A86FF231FB2780086E326 /* PBXTargetDependency */ = {
			isa = PBXTargetDependency;
			target = 868A86DD231FB2770086E326 /* Test-5-11 */;
			targetProxy = 868A86FE231FB2780086E326 /* PBXContainerItemProxy */;
		};
/* End PBXTargetDependency section */

/* Begin PBXVariantGroup section */
		868A86E5231FB2770086E326 /* Main.storyboard */ = {
			isa = PBXVariantGroup;
			children = (
				868A86E6231FB2770086E326 /* Base */,
			);
			name = Main.storyboard;
			sourceTree = "<group>";
		};
		868A86EA231FB2780086E326 /* LaunchScreen.storyboard */ = {
			isa = PBXVariantGroup;
			children = (
				868A86EB231FB2780086E326 /* Base */,
			);
			name = LaunchScreen.storyboard;
			sourceTree = "<group>";
		};
/* End PBXVariantGroup section */

/* Begin XCBuildConfiguration section */
		868A8704231FB2780086E326 /* Debug */ = {
			isa = XCBuildConfiguration;
			buildSettings = {
				ALWAYS_SEARCH_USER_PATHS = NO;
				CLANG_ANALYZER_NONNULL = YES;
				CLANG_ANALYZER_NUMBER_OBJECT_CONVERSION = YES_AGGRESSIVE;
				CLANG_CXX_LANGUAGE_STANDARD = "gnu++14";
				CLANG_CXX_LIBRARY = "libc++";
				CLANG_ENABLE_MODULES = YES;
				CLANG_ENABLE_OBJC_ARC = YES;
				CLANG_ENABLE_OBJC_WEAK = YES;
				CLANG_WARN_BLOCK_CAPTURE_AUTORELEASING = YES;
				CLANG_WARN_BOOL_CONVERSION = YES;
				CLANG_WARN_COMMA = YES;
				CLANG_WARN_CONSTANT_CONVERSION = YES;
				CLANG_WARN_DEPRECATED_OBJC_IMPLEMENTATIONS = YES;
				CLANG_WARN_DIRECT_OBJC_ISA_USAGE = YES_ERROR;
				CLANG_WARN_DOCUMENTATION_COMMENTS = YES;
				CLANG_WARN_EMPTY_BODY = YES;
				CLANG_WARN_ENUM_CONVERSION = YES;
				CLANG_WARN_INFINITE_RECURSION = YES;
				CLANG_WARN_INT_CONVERSION = YES;
				CLANG_WARN_NON_LITERAL_NULL_CONVERSION = YES;
				CLANG_WARN_OBJC_IMPLICIT_RETAIN_SELF = YES;
				CLANG_WARN_OBJC_LITERAL_CONVERSION = YES;
				CLANG_WARN_OBJC_ROOT_CLASS = YES_ERROR;
				CLANG_WARN_RANGE_LOOP_ANALYSIS = YES;
				CLANG_WARN_STRICT_PROTOTYPES = YES;
				CLANG_WARN_SUSPICIOUS_MOVE = YES;
				CLANG_WARN_UNGUARDED_AVAILABILITY = YES_AGGRESSIVE;
				CLANG_WARN_UNREACHABLE_CODE = YES;
				CLANG_WARN__DUPLICATE_METHOD_MATCH = YES;
				CODE_SIGN_IDENTITY = "iPhone Developer";
				COPY_PHASE_STRIP = NO;
				DEBUG_INFORMATION_FORMAT = dwarf;
				ENABLE_STRICT_OBJC_MSGSEND = YES;
				ENABLE_TESTABILITY = YES;
				GCC_C_LANGUAGE_STANDARD = gnu11;
				GCC_DYNAMIC_NO_PIC = NO;
				GCC_NO_COMMON_BLOCKS = YES;
				GCC_OPTIMIZATION_LEVEL = 0;
				GCC_PREPROCESSOR_DEFINITIONS = (
					"DEBUG=1",
					"$(inherited)",
				);
				GCC_WARN_64_TO_32_BIT_CONVERSION = YES;
				GCC_WARN_ABOUT_RETURN_TYPE = YES_ERROR;
				GCC_WARN_UNDECLARED_SELECTOR = YES;
				GCC_WARN_UNINITIALIZED_AUTOS = YES_AGGRESSIVE;
				GCC_WARN_UNUSED_FUNCTION = YES;
				GCC_WARN_UNUSED_VARIABLE = YES;
				IPHONEOS_DEPLOYMENT_TARGET = 12.4;
				MTL_ENABLE_DEBUG_INFO = INCLUDE_SOURCE;
				MTL_FAST_MATH = YES;
				ONLY_ACTIVE_ARCH = YES;
				SDKROOT = iphoneos;
				SWIFT_ACTIVE_COMPILATION_CONDITIONS = DEBUG;
				SWIFT_OPTIMIZATION_LEVEL = "-Onone";
			};
			name = Debug;
		};
		868A8705231FB2780086E326 /* Release */ = {
			isa = XCBuildConfiguration;
			buildSettings = {
				ALWAYS_SEARCH_USER_PATHS = NO;
				CLANG_ANALYZER_NONNULL = YES;
				CLANG_ANALYZER_NUMBER_OBJECT_CONVERSION = YES_AGGRESSIVE;
				CLANG_CXX_LANGUAGE_STANDARD = "gnu++14";
				CLANG_CXX_LIBRARY = "libc++";
				CLANG_ENABLE_MODULES = YES;
				CLANG_ENABLE_OBJC_ARC = YES;
				CLANG_ENABLE_OBJC_WEAK = YES;
				CLANG_WARN_BLOCK_CAPTURE_AUTORELEASING = YES;
				CLANG_WARN_BOOL_CONVERSION = YES;
				CLANG_WARN_COMMA = YES;
				CLANG_WARN_CONSTANT_CONVERSION = YES;
				CLANG_WARN_DEPRECATED_OBJC_IMPLEMENTATIONS = YES;
				CLANG_WARN_DIRECT_OBJC_ISA_USAGE = YES_ERROR;
				CLANG_WARN_DOCUMENTATION_COMMENTS = YES;
				CLANG_WARN_EMPTY_BODY = YES;
				CLANG_WARN_ENUM_CONVERSION = YES;
				CLANG_WARN_INFINITE_RECURSION = YES;
				CLANG_WARN_INT_CONVERSION = YES;
				CLANG_WARN_NON_LITERAL_NULL_CONVERSION = YES;
				CLANG_WARN_OBJC_IMPLICIT_RETAIN_SELF = YES;
				CLANG_WARN_OBJC_LITERAL_CONVERSION = YES;
				CLANG_WARN_OBJC_ROOT_CLASS = YES_ERROR;
				CLANG_WARN_RANGE_LOOP_ANALYSIS = YES;
				CLANG_WARN_STRICT_PROTOTYPES = YES;
				CLANG_WARN_SUSPICIOUS_MOVE = YES;
				CLANG_WARN_UNGUARDED_AVAILABILITY = YES_AGGRESSIVE;
				CLANG_WARN_UNREACHABLE_CODE = YES;
				CLANG_WARN__DUPLICATE_METHOD_MATCH = YES;
				CODE_SIGN_IDENTITY = "iPhone Developer";
				COPY_PHASE_STRIP = NO;
				DEBUG_INFORMATION_FORMAT = "dwarf-with-dsym";
				ENABLE_NS_ASSERTIONS = NO;
				ENABLE_STRICT_OBJC_MSGSEND = YES;
				GCC_C_LANGUAGE_STANDARD = gnu11;
				GCC_NO_COMMON_BLOCKS = YES;
				GCC_WARN_64_TO_32_BIT_CONVERSION = YES;
				GCC_WARN_ABOUT_RETURN_TYPE = YES_ERROR;
				GCC_WARN_UNDECLARED_SELECTOR = YES;
				GCC_WARN_UNINITIALIZED_AUTOS = YES_AGGRESSIVE;
				GCC_WARN_UNUSED_FUNCTION = YES;
				GCC_WARN_UNUSED_VARIABLE = YES;
				IPHONEOS_DEPLOYMENT_TARGET = 12.4;
				MTL_ENABLE_DEBUG_INFO = NO;
				MTL_FAST_MATH = YES;
				SDKROOT = iphoneos;
				SWIFT_COMPILATION_MODE = wholemodule;
				SWIFT_OPTIMIZATION_LEVEL = "-O";
				VALIDATE_PRODUCT = YES;
			};
			name = Release;
		};
		868A8707231FB2780086E326 /* Debug */ = {
			isa = XCBuildConfiguration;
			baseConfigurationReference = 390252CDF156D87971F96BA2 /* Pods-Test-5-11.debug.xcconfig */;
			buildSettings = {
				ASSETCATALOG_COMPILER_APPICON_NAME = AppIcon;
				CODE_SIGN_STYLE = Automatic;
				INFOPLIST_FILE = "Test-5-11/Info.plist";
				LD_RUNPATH_SEARCH_PATHS = (
					"$(inherited)",
					"@executable_path/Frameworks",
				);
				PRODUCT_BUNDLE_IDENTIFIER = "aaaa.Test-5-11";
				PRODUCT_NAME = "$(TARGET_NAME)";
				SWIFT_VERSION = 5.0;
				TARGETED_DEVICE_FAMILY = "1,2";
			};
			name = Debug;
		};
		868A8708231FB2780086E326 /* Release */ = {
			isa = XCBuildConfiguration;
			baseConfigurationReference = AD82D1F243F5A86E19A3F57B /* Pods-Test-5-11.release.xcconfig */;
			buildSettings = {
				ASSETCATALOG_COMPILER_APPICON_NAME = AppIcon;
				CODE_SIGN_STYLE = Automatic;
				INFOPLIST_FILE = "Test-5-11/Info.plist";
				LD_RUNPATH_SEARCH_PATHS = (
					"$(inherited)",
					"@executable_path/Frameworks",
				);
				PRODUCT_BUNDLE_IDENTIFIER = "aaaa.Test-5-11";
				PRODUCT_NAME = "$(TARGET_NAME)";
				SWIFT_VERSION = 5.0;
				TARGETED_DEVICE_FAMILY = "1,2";
			};
			name = Release;
		};
		868A870A231FB2780086E326 /* Debug */ = {
			isa = XCBuildConfiguration;
			baseConfigurationReference = DDF61DE97709E41857CBE79E /* Pods-Test-5-11Tests.debug.xcconfig */;
			buildSettings = {
				ALWAYS_EMBED_SWIFT_STANDARD_LIBRARIES = YES;
				BUNDLE_LOADER = "$(TEST_HOST)";
				CODE_SIGN_STYLE = Automatic;
				INFOPLIST_FILE = "Test-5-11Tests/Info.plist";
				LD_RUNPATH_SEARCH_PATHS = (
					"$(inherited)",
					"@executable_path/Frameworks",
					"@loader_path/Frameworks",
				);
				PRODUCT_BUNDLE_IDENTIFIER = "aaaa.Test-5-11Tests";
				PRODUCT_NAME = "$(TARGET_NAME)";
				SWIFT_VERSION = 5.0;
				TARGETED_DEVICE_FAMILY = "1,2";
				TEST_HOST = "$(BUILT_PRODUCTS_DIR)/Test-5-11.app/Test-5-11";
			};
			name = Debug;
		};
		868A870B231FB2780086E326 /* Release */ = {
			isa = XCBuildConfiguration;
			baseConfigurationReference = 55F0745EBBF311CFAD775CAC /* Pods-Test-5-11Tests.release.xcconfig */;
			buildSettings = {
				ALWAYS_EMBED_SWIFT_STANDARD_LIBRARIES = YES;
				BUNDLE_LOADER = "$(TEST_HOST)";
				CODE_SIGN_STYLE = Automatic;
				INFOPLIST_FILE = "Test-5-11Tests/Info.plist";
				LD_RUNPATH_SEARCH_PATHS = (
					"$(inherited)",
					"@executable_path/Frameworks",
					"@loader_path/Frameworks",
				);
				PRODUCT_BUNDLE_IDENTIFIER = "aaaa.Test-5-11Tests";
				PRODUCT_NAME = "$(TARGET_NAME)";
				SWIFT_VERSION = 5.0;
				TARGETED_DEVICE_FAMILY = "1,2";
				TEST_HOST = "$(BUILT_PRODUCTS_DIR)/Test-5-11.app/Test-5-11";
			};
			name = Release;
		};
		868A870D231FB2780086E326 /* Debug */ = {
			isa = XCBuildConfiguration;
			baseConfigurationReference = DE414E881B49E38B0A55540B /* Pods-Test-5-11UITests.debug.xcconfig */;
			buildSettings = {
				ALWAYS_EMBED_SWIFT_STANDARD_LIBRARIES = YES;
				CODE_SIGN_STYLE = Automatic;
				INFOPLIST_FILE = "Test-5-11UITests/Info.plist";
				LD_RUNPATH_SEARCH_PATHS = (
					"$(inherited)",
					"@executable_path/Frameworks",
					"@loader_path/Frameworks",
				);
				PRODUCT_BUNDLE_IDENTIFIER = "aaaa.Test-5-11UITests";
				PRODUCT_NAME = "$(TARGET_NAME)";
				SWIFT_VERSION = 5.0;
				TARGETED_DEVICE_FAMILY = "1,2";
				TEST_TARGET_NAME = "Test-5-11";
			};
			name = Debug;
		};
		868A870E231FB2780086E326 /* Release */ = {
			isa = XCBuildConfiguration;
			baseConfigurationReference = 5D09D8085882DE251B652A38 /* Pods-Test-5-11UITests.release.xcconfig */;
			buildSettings = {
				ALWAYS_EMBED_SWIFT_STANDARD_LIBRARIES = YES;
				CODE_SIGN_STYLE = Automatic;
				INFOPLIST_FILE = "Test-5-11UITests/Info.plist";
				LD_RUNPATH_SEARCH_PATHS = (
					"$(inherited)",
					"@executable_path/Frameworks",
					"@loader_path/Frameworks",
				);
				PRODUCT_BUNDLE_IDENTIFIER = "aaaa.Test-5-11UITests";
				PRODUCT_NAME = "$(TARGET_NAME)";
				SWIFT_VERSION = 5.0;
				TARGETED_DEVICE_FAMILY = "1,2";
				TEST_TARGET_NAME = "Test-5-11";
			};
			name = Release;
		};
/* End XCBuildConfiguration section */

/* Begin XCConfigurationList section */
		868A86D9231FB2770086E326 /* Build configuration list for PBXProject "Test-5-11" */ = {
			isa = XCConfigurationList;
			buildConfigurations = (
				868A8704231FB2780086E326 /* Debug */,
				868A8705231FB2780086E326 /* Release */,
			);
			defaultConfigurationIsVisible = 0;
			defaultConfigurationName = Release;
		};
		868A8706231FB2780086E326 /* Build configuration list for PBXNativeTarget "Test-5-11" */ = {
			isa = XCConfigurationList;
			buildConfigurations = (
				868A8707231FB2780086E326 /* Debug */,
				868A8708231FB2780086E326 /* Release */,
			);
			defaultConfigurationIsVisible = 0;
			defaultConfigurationName = Release;
		};
		868A8709231FB2780086E326 /* Build configuration list for PBXNativeTarget "Test-5-11Tests" */ = {
			isa = XCConfigurationList;
			buildConfigurations = (
				868A870A231FB2780086E326 /* Debug */,
				868A870B231FB2780086E326 /* Release */,
			);
			defaultConfigurationIsVisible = 0;
			defaultConfigurationName = Release;
		};
		868A870C231FB2780086E326 /* Build configuration list for PBXNativeTarget "Test-5-11UITests" */ = {
			isa = XCConfigurationList;
			buildConfigurations = (
				868A870D231FB2780086E326 /* Debug */,
				868A870E231FB2780086E326 /* Release */,
			);
			defaultConfigurationIsVisible = 0;
			defaultConfigurationName = Release;
		};
/* End XCConfigurationList section */
	};
	rootObject = 868A86D6231FB2770086E326 /* Project object */;
}
